
Microsoft Visual Studio Solution File, Format Version 12.00
# Visual Studio 15
VisualStudioVersion = 15.0.27703.2000
MinimumVisualStudioVersion = 10.0.40219.1
Project("{FAE04EC0-301F-11D3-BF4B-00C04F79EFBC}") = "TestFactory", "TestFactory\TestFactory.csproj", "{56261FB6-0F7F-453C-B360-236A933A2B7A}"
EndProject
Global
	GlobalSection(SolutionConfigurationPlatforms) = preSolution
		Debug|Any CPU = Debug|Any CPU
		Release|Any CPU = Release|Any CPU
	EndGlobalSection
	GlobalSection(ProjectConfigurationPlatforms) = postSolution
		{56261FB6-0F7F-453C-B360-236A933A2B7A}.Debug|Any CPU.ActiveCfg = Debug|Any CPU
		{56261FB6-0F7F-453C-B360-236A933A2B7A}.Debug|Any CPU.Build.0 = Debug|Any CPU
		{56261FB6-0F7F-453C-B360-236A933A2B7A}.Release|Any CPU.ActiveCfg = Release|Any CPU
		{56261FB6-0F7F-453C-B360-236A933A2B7A}.Release|Any CPU.Build.0 = Release|Any CPU
	EndGlobalSection
	GlobalSection(SolutionProperties) = preSolution
		HideSolutionNode = FALSE
	EndGlobalSection
	GlobalSection(ExtensibilityGlobals) = postSolution
		SolutionGuid = {2C7C1D82-D337-42D9-90DF-6E09C0182580}
	EndGlobalSection
EndGlobal
